
Microsoft Visual Studio Solution File, Format Version 12.00
# Visual Studio 15
VisualStudioVersion = 15.0.28307.421
MinimumVisualStudioVersion = 10.0.40219.1
Project("{FAE04EC0-301F-11D3-BF4B-00C04F79EFBC}") = "LOG", "LOG\LOG.csproj", "{E3ACFF6B-5AFD-4D7B-A0F6-BFBB159E9B56}"
EndProject
Global
	GlobalSection(SolutionConfigurationPlatforms) = preSolution
		Debug|Any CPU = Debug|Any CPU
		Release|Any CPU = Release|Any CPU
	EndGlobalSection
	GlobalSection(ProjectConfigurationPlatforms) = postSolution
		{E3ACFF6B-5AFD-4D7B-A0F6-BFBB159E9B56}.Debug|Any CPU.ActiveCfg = Debug|Any CPU
		{E3ACFF6B-5AFD-4D7B-A0F6-BFBB159E9B56}.Debug|Any CPU.Build.0 = Debug|Any CPU
		{E3ACFF6B-5AFD-4D7B-A0F6-BFBB159E9B56}.Release|Any CPU.ActiveCfg = Release|Any CPU
		{E3ACFF6B-5AFD-4D7B-A0F6-BFBB159E9B56}.Release|Any CPU.Build.0 = Release|Any CPU
	EndGlobalSection
	GlobalSection(SolutionProperties) = preSolution
		HideSolutionNode = FALSE
	EndGlobalSection
	GlobalSection(ExtensibilityGlobals) = postSolution
		SolutionGuid = {57CE9C13-59C0-4A75-8F6F-8DB4D440AFB1}
	EndGlobalSection
EndGlobal
