
Microsoft Visual Studio Solution File, Format Version 12.00
# Visual Studio 15
VisualStudioVersion = 15.0.27703.2035
MinimumVisualStudioVersion = 10.0.40219.1
Project("{9A19103F-16F7-4668-BE54-9A1E7A4F7556}") = "CursoCSharp", "CursoCSharp\CursoCSharp.csproj", "{D5A6DC10-B993-413E-9DEB-C94C1B6F1F6A}"
EndProject
Project("{FAE04EC0-301F-11D3-BF4B-00C04F79EFBC}") = "Encapsulamento", "Encapsulamento\Encapsulamento.csproj", "{394A0471-5F9E-4DC2-843B-8029245A0FAE}"
EndProject
Global
	GlobalSection(SolutionConfigurationPlatforms) = preSolution
		Debug|Any CPU = Debug|Any CPU
		Release|Any CPU = Release|Any CPU
	EndGlobalSection
	GlobalSection(ProjectConfigurationPlatforms) = postSolution
		{D5A6DC10-B993-413E-9DEB-C94C1B6F1F6A}.Debug|Any CPU.ActiveCfg = Debug|Any CPU
		{D5A6DC10-B993-413E-9DEB-C94C1B6F1F6A}.Debug|Any CPU.Build.0 = Debug|Any CPU
		{D5A6DC10-B993-413E-9DEB-C94C1B6F1F6A}.Release|Any CPU.ActiveCfg = Release|Any CPU
		{D5A6DC10-B993-413E-9DEB-C94C1B6F1F6A}.Release|Any CPU.Build.0 = Release|Any CPU
		{394A0471-5F9E-4DC2-843B-8029245A0FAE}.Debug|Any CPU.ActiveCfg = Debug|Any CPU
		{394A0471-5F9E-4DC2-843B-8029245A0FAE}.Debug|Any CPU.Build.0 = Debug|Any CPU
		{394A0471-5F9E-4DC2-843B-8029245A0FAE}.Release|Any CPU.ActiveCfg = Release|Any CPU
		{394A0471-5F9E-4DC2-843B-8029245A0FAE}.Release|Any CPU.Build.0 = Release|Any CPU
	EndGlobalSection
	GlobalSection(SolutionProperties) = preSolution
		HideSolutionNode = FALSE
	EndGlobalSection
	GlobalSection(ExtensibilityGlobals) = postSolution
		SolutionGuid = {EFF95B58-97A1-4A1F-B3A2-31E618AA157D}
	EndGlobalSection
EndGlobal
