
Microsoft Visual Studio Solution File, Format Version 12.00
# Visual Studio Version 16
VisualStudioVersion = 16.0.29215.179
MinimumVisualStudioVersion = 10.0.40219.1
Project("{FAE04EC0-301F-11D3-BF4B-00C04F79EFBC}") = "NewEmpireConfeccoes", "NewEmpireConfeccoes.csproj", "{9FA4437B-B7F7-49BF-BB49-FBF2B9E2DD38}"
EndProject
Global
	GlobalSection(SolutionConfigurationPlatforms) = preSolution
		Debug|Any CPU = Debug|Any CPU
		Release|Any CPU = Release|Any CPU
	EndGlobalSection
	GlobalSection(ProjectConfigurationPlatforms) = postSolution
		{9FA4437B-B7F7-49BF-BB49-FBF2B9E2DD38}.Debug|Any CPU.ActiveCfg = Debug|Any CPU
		{9FA4437B-B7F7-49BF-BB49-FBF2B9E2DD38}.Debug|Any CPU.Build.0 = Debug|Any CPU
		{9FA4437B-B7F7-49BF-BB49-FBF2B9E2DD38}.Release|Any CPU.ActiveCfg = Release|Any CPU
		{9FA4437B-B7F7-49BF-BB49-FBF2B9E2DD38}.Release|Any CPU.Build.0 = Release|Any CPU
	EndGlobalSection
	GlobalSection(SolutionProperties) = preSolution
		HideSolutionNode = FALSE
	EndGlobalSection
	GlobalSection(ExtensibilityGlobals) = postSolution
		SolutionGuid = {509B0645-815D-4D94-92D4-95DA38FD8D4E}
	EndGlobalSection
EndGlobal
