
Microsoft Visual Studio Solution File, Format Version 12.00
# Visual Studio Version 16
VisualStudioVersion = 16.0.29306.81
MinimumVisualStudioVersion = 10.0.40219.1
Project("{FAE04EC0-301F-11D3-BF4B-00C04F79EFBC}") = "PesquisaProduto", "PesquisaProduto.csproj", "{2D85476A-6BB5-41FA-964B-E2EB84F77FB2}"
EndProject
Global
	GlobalSection(SolutionConfigurationPlatforms) = preSolution
		Debug|Any CPU = Debug|Any CPU
		Release|Any CPU = Release|Any CPU
	EndGlobalSection
	GlobalSection(ProjectConfigurationPlatforms) = postSolution
		{2D85476A-6BB5-41FA-964B-E2EB84F77FB2}.Debug|Any CPU.ActiveCfg = Debug|Any CPU
		{2D85476A-6BB5-41FA-964B-E2EB84F77FB2}.Debug|Any CPU.Build.0 = Debug|Any CPU
		{2D85476A-6BB5-41FA-964B-E2EB84F77FB2}.Release|Any CPU.ActiveCfg = Release|Any CPU
		{2D85476A-6BB5-41FA-964B-E2EB84F77FB2}.Release|Any CPU.Build.0 = Release|Any CPU
	EndGlobalSection
	GlobalSection(SolutionProperties) = preSolution
		HideSolutionNode = FALSE
	EndGlobalSection
	GlobalSection(ExtensibilityGlobals) = postSolution
		SolutionGuid = {E8924871-AAB6-4116-9E8A-6ACDDFC2F566}
	EndGlobalSection
EndGlobal
