
Microsoft Visual Studio Solution File, Format Version 12.00
# Visual Studio Version 16
VisualStudioVersion = 16.0.29911.84
MinimumVisualStudioVersion = 10.0.40219.1
Project("{FAE04EC0-301F-11D3-BF4B-00C04F79EFBC}") = "EstacionamentoESilva", "EstacionamentoESilva\EstacionamentoESilva.csproj", "{43753B9A-1EE7-4A45-8E74-65F31B6F5C60}"
EndProject
Global
	GlobalSection(SolutionConfigurationPlatforms) = preSolution
		Debug|Any CPU = Debug|Any CPU
		Release|Any CPU = Release|Any CPU
	EndGlobalSection
	GlobalSection(ProjectConfigurationPlatforms) = postSolution
		{43753B9A-1EE7-4A45-8E74-65F31B6F5C60}.Debug|Any CPU.ActiveCfg = Debug|Any CPU
		{43753B9A-1EE7-4A45-8E74-65F31B6F5C60}.Debug|Any CPU.Build.0 = Debug|Any CPU
		{43753B9A-1EE7-4A45-8E74-65F31B6F5C60}.Release|Any CPU.ActiveCfg = Release|Any CPU
		{43753B9A-1EE7-4A45-8E74-65F31B6F5C60}.Release|Any CPU.Build.0 = Release|Any CPU
	EndGlobalSection
	GlobalSection(SolutionProperties) = preSolution
		HideSolutionNode = FALSE
	EndGlobalSection
	GlobalSection(ExtensibilityGlobals) = postSolution
		SolutionGuid = {36B4B160-0C55-4353-9AE0-C6D7BFA77769}
	EndGlobalSection
EndGlobal
