
Microsoft Visual Studio Solution File, Format Version 12.00
# Visual Studio Version 16
VisualStudioVersion = 16.0.29519.181
MinimumVisualStudioVersion = 10.0.40219.1
Project("{FAE04EC0-301F-11D3-BF4B-00C04F79EFBC}") = "TabelaHash", "TabelaHash.csproj", "{5922CE02-CE9C-42AC-83C5-1CF50DCF0957}"
EndProject
Global
	GlobalSection(SolutionConfigurationPlatforms) = preSolution
		Debug|Any CPU = Debug|Any CPU
		Release|Any CPU = Release|Any CPU
	EndGlobalSection
	GlobalSection(ProjectConfigurationPlatforms) = postSolution
		{5922CE02-CE9C-42AC-83C5-1CF50DCF0957}.Debug|Any CPU.ActiveCfg = Debug|Any CPU
		{5922CE02-CE9C-42AC-83C5-1CF50DCF0957}.Debug|Any CPU.Build.0 = Debug|Any CPU
		{5922CE02-CE9C-42AC-83C5-1CF50DCF0957}.Release|Any CPU.ActiveCfg = Release|Any CPU
		{5922CE02-CE9C-42AC-83C5-1CF50DCF0957}.Release|Any CPU.Build.0 = Release|Any CPU
	EndGlobalSection
	GlobalSection(SolutionProperties) = preSolution
		HideSolutionNode = FALSE
	EndGlobalSection
	GlobalSection(ExtensibilityGlobals) = postSolution
		SolutionGuid = {CCF60E31-7364-4BD2-978B-79CD2915CCFA}
	EndGlobalSection
EndGlobal
