
Microsoft Visual Studio Solution File, Format Version 12.00
# Visual Studio Version 16
VisualStudioVersion = 16.0.30320.27
MinimumVisualStudioVersion = 10.0.40219.1
Project("{FAE04EC0-301F-11D3-BF4B-00C04F79EFBC}") = "ConsoleApp1", "ConsoleApp1\ConsoleApp1.csproj", "{6E9ABE03-8B64-4595-8EF0-8447A83B465E}"
EndProject
Global
	GlobalSection(SolutionConfigurationPlatforms) = preSolution
		Debug|Any CPU = Debug|Any CPU
		Release|Any CPU = Release|Any CPU
	EndGlobalSection
	GlobalSection(ProjectConfigurationPlatforms) = postSolution
		{6E9ABE03-8B64-4595-8EF0-8447A83B465E}.Debug|Any CPU.ActiveCfg = Debug|Any CPU
		{6E9ABE03-8B64-4595-8EF0-8447A83B465E}.Debug|Any CPU.Build.0 = Debug|Any CPU
		{6E9ABE03-8B64-4595-8EF0-8447A83B465E}.Release|Any CPU.ActiveCfg = Release|Any CPU
		{6E9ABE03-8B64-4595-8EF0-8447A83B465E}.Release|Any CPU.Build.0 = Release|Any CPU
	EndGlobalSection
	GlobalSection(SolutionProperties) = preSolution
		HideSolutionNode = FALSE
	EndGlobalSection
	GlobalSection(ExtensibilityGlobals) = postSolution
		SolutionGuid = {EA81770B-E6EC-438C-9439-807153EC48AD}
	EndGlobalSection
EndGlobal
