
Microsoft Visual Studio Solution File, Format Version 12.00
# Visual Studio Version 16
VisualStudioVersion = 16.0.28803.156
MinimumVisualStudioVersion = 10.0.40219.1
Project("{FAE04EC0-301F-11D3-BF4B-00C04F79EFBC}") = "Teste Orientado Objetos", "Teste Orientado Objetos.csproj", "{C3B893BD-1DDA-42DD-A490-06F3698DF6DC}"
EndProject
Global
	GlobalSection(SolutionConfigurationPlatforms) = preSolution
		Debug|Any CPU = Debug|Any CPU
		Release|Any CPU = Release|Any CPU
	EndGlobalSection
	GlobalSection(ProjectConfigurationPlatforms) = postSolution
		{C3B893BD-1DDA-42DD-A490-06F3698DF6DC}.Debug|Any CPU.ActiveCfg = Debug|Any CPU
		{C3B893BD-1DDA-42DD-A490-06F3698DF6DC}.Debug|Any CPU.Build.0 = Debug|Any CPU
		{C3B893BD-1DDA-42DD-A490-06F3698DF6DC}.Release|Any CPU.ActiveCfg = Release|Any CPU
		{C3B893BD-1DDA-42DD-A490-06F3698DF6DC}.Release|Any CPU.Build.0 = Release|Any CPU
	EndGlobalSection
	GlobalSection(SolutionProperties) = preSolution
		HideSolutionNode = FALSE
	EndGlobalSection
	GlobalSection(ExtensibilityGlobals) = postSolution
		SolutionGuid = {6C416D66-A2EE-4177-9CAF-BE3D1222A213}
	EndGlobalSection
EndGlobal
