
Microsoft Visual Studio Solution File, Format Version 12.00
# Visual Studio Version 16
VisualStudioVersion = 16.0.29613.14
MinimumVisualStudioVersion = 10.0.40219.1
Project("{FAE04EC0-301F-11D3-BF4B-00C04F79EFBC}") = "MariaPenhaConfeccoes", "MariaPenhaConfeccoes\MariaPenhaConfeccoes.csproj", "{50AAAB29-8857-4678-B0EA-087EF3E18691}"
EndProject
Global
	GlobalSection(SolutionConfigurationPlatforms) = preSolution
		Debug|Any CPU = Debug|Any CPU
		Release|Any CPU = Release|Any CPU
	EndGlobalSection
	GlobalSection(ProjectConfigurationPlatforms) = postSolution
		{50AAAB29-8857-4678-B0EA-087EF3E18691}.Debug|Any CPU.ActiveCfg = Debug|Any CPU
		{50AAAB29-8857-4678-B0EA-087EF3E18691}.Debug|Any CPU.Build.0 = Debug|Any CPU
		{50AAAB29-8857-4678-B0EA-087EF3E18691}.Release|Any CPU.ActiveCfg = Release|Any CPU
		{50AAAB29-8857-4678-B0EA-087EF3E18691}.Release|Any CPU.Build.0 = Release|Any CPU
	EndGlobalSection
	GlobalSection(SolutionProperties) = preSolution
		HideSolutionNode = FALSE
	EndGlobalSection
	GlobalSection(ExtensibilityGlobals) = postSolution
		SolutionGuid = {0627F53D-3F3D-4E34-AE7B-C04CF6E6A429}
	EndGlobalSection
EndGlobal
