
Microsoft Visual Studio Solution File, Format Version 12.00
# Visual Studio Version 16
VisualStudioVersion = 16.0.29613.14
MinimumVisualStudioVersion = 10.0.40219.1
Project("{FAE04EC0-301F-11D3-BF4B-00C04F79EFBC}") = "FichaMariaDaPenha", "FichaMariaDaPenha\FichaMariaDaPenha.csproj", "{9AA87C86-D46F-48EB-B5A6-D7F6ED97E23D}"
EndProject
Global
	GlobalSection(SolutionConfigurationPlatforms) = preSolution
		Debug|Any CPU = Debug|Any CPU
		Release|Any CPU = Release|Any CPU
	EndGlobalSection
	GlobalSection(ProjectConfigurationPlatforms) = postSolution
		{9AA87C86-D46F-48EB-B5A6-D7F6ED97E23D}.Debug|Any CPU.ActiveCfg = Debug|Any CPU
		{9AA87C86-D46F-48EB-B5A6-D7F6ED97E23D}.Debug|Any CPU.Build.0 = Debug|Any CPU
		{9AA87C86-D46F-48EB-B5A6-D7F6ED97E23D}.Release|Any CPU.ActiveCfg = Release|Any CPU
		{9AA87C86-D46F-48EB-B5A6-D7F6ED97E23D}.Release|Any CPU.Build.0 = Release|Any CPU
	EndGlobalSection
	GlobalSection(SolutionProperties) = preSolution
		HideSolutionNode = FALSE
	EndGlobalSection
	GlobalSection(ExtensibilityGlobals) = postSolution
		SolutionGuid = {677693A0-0C37-408A-8EE9-8ACB2DD48722}
	EndGlobalSection
EndGlobal
